PODS:
  - Alamofire (4.7.3)
  - ObjectMapper (3.3.0)

DEPENDENCIES:
  - Alamofire
  - ObjectMapper

SPEC REPOS:
  https://github.com/cocoapods/specs.git:
    - Alamofire
    - ObjectMapper

SPEC CHECKSUMS:
  Alamofire: c7287b6e5d7da964a70935e5db17046b7fde6568
  ObjectMapper: b612bf8c8e99c4dc0bb6013a51f7c27966ed5da9

PODFILE CHECKSUM: 91f318f487eef3089ee3b5977057fcbcd8391846

COCOAPODS: 1.5.3
